
Microsoft Visual Studio Solution File, Format Version 12.00
# Visual Studio Version 17
VisualStudioVersion = 17.4.33213.308
MinimumVisualStudioVersion = 10.0.40219.1
Project("{FAE04EC0-301F-11D3-BF4B-00C04F79EFBC}") = "Lab6(2)", "Lab6(2)\Lab6(2).csproj", "{5F48C33C-3B93-47E7-8557-3D93354655D7}"
EndProject
Global
	GlobalSection(SolutionConfigurationPlatforms) = preSolution
		Debug|Any CPU = Debug|Any CPU
		Release|Any CPU = Release|Any CPU
	EndGlobalSection
	GlobalSection(ProjectConfigurationPlatforms) = postSolution
		{5F48C33C-3B93-47E7-8557-3D93354655D7}.Debug|Any CPU.ActiveCfg = Debug|Any CPU
		{5F48C33C-3B93-47E7-8557-3D93354655D7}.Debug|Any CPU.Build.0 = Debug|Any CPU
		{5F48C33C-3B93-47E7-8557-3D93354655D7}.Release|Any CPU.ActiveCfg = Release|Any CPU
		{5F48C33C-3B93-47E7-8557-3D93354655D7}.Release|Any CPU.Build.0 = Release|Any CPU
	EndGlobalSection
	GlobalSection(SolutionProperties) = preSolution
		HideSolutionNode = FALSE
	EndGlobalSection
	GlobalSection(ExtensibilityGlobals) = postSolution
		SolutionGuid = {AD0EAC2D-22DC-40AE-8281-2F35F99FDD5F}
	EndGlobalSection
EndGlobal
